
Microsoft Visual Studio Solution File, Format Version 12.00
# Visual Studio Version 17
VisualStudioVersion = 17.5.33424.131
MinimumVisualStudioVersion = 10.0.40219.1
Project("{9A19103F-16F7-4668-BE54-9A1E7A4F7556}") = "GrosvenorDeveloperPracticum", "GrosvenorDeveloperPracticum\GrosvenorDeveloperPracticum.csproj", "{C809CD5E-6578-4434-A7E0-744DB2450D27}"
EndProject
Project("{9A19103F-16F7-4668-BE54-9A1E7A4F7556}") = "Application", "Application\Application.csproj", "{07DF5172-C83F-41EB-813E-853321C82E6E}"
EndProject
Project("{9A19103F-16F7-4668-BE54-9A1E7A4F7556}") = "ApplicationTests", "ApplicationTests\ApplicationTests.csproj", "{9552B0D2-132C-4CEA-B711-B231B71A465B}"
EndProject
Project("{9A19103F-16F7-4668-BE54-9A1E7A4F7556}") = "Domain", "Domain\Domain.csproj", "{BEBB5C32-EE67-431A-8762-29180B72D754}"
EndProject
Project("{9A19103F-16F7-4668-BE54-9A1E7A4F7556}") = "Infrastructure", "Infrastructure\Infrastructure.csproj", "{601D4EF6-E8EF-47A9-A52B-7EE4C1301142}"
EndProject
Project("{2150E333-8FDC-42A3-9474-1A3956D46DE8}") = "Tests", "Tests", "{1EA6C045-D95C-42D7-9CEA-9BD46DEF0AAE}"
EndProject
Project("{9A19103F-16F7-4668-BE54-9A1E7A4F7556}") = "Infrastructure.IoC", "Infrastructure.IoC\Infrastructure.IoC.csproj", "{8ECB6596-F09A-46EF-824D-8501AE4486B2}"
EndProject
Project("{9A19103F-16F7-4668-BE54-9A1E7A4F7556}") = "API", "API\API.csproj", "{68218DBA-B1FD-49B0-B1C7-FA34455F99CB}"
EndProject
Project("{9A19103F-16F7-4668-BE54-9A1E7A4F7556}") = "IntegrationTests", "IntegrationTest\IntegrationTests.csproj", "{341AB763-E7AB-45A9-8565-80C665D2B95D}"
EndProject
Global
	GlobalSection(SolutionConfigurationPlatforms) = preSolution
		Debug|Any CPU = Debug|Any CPU
		Release|Any CPU = Release|Any CPU
	EndGlobalSection
	GlobalSection(ProjectConfigurationPlatforms) = postSolution
		{C809CD5E-6578-4434-A7E0-744DB2450D27}.Debug|Any CPU.ActiveCfg = Debug|Any CPU
		{C809CD5E-6578-4434-A7E0-744DB2450D27}.Debug|Any CPU.Build.0 = Debug|Any CPU
		{C809CD5E-6578-4434-A7E0-744DB2450D27}.Release|Any CPU.ActiveCfg = Release|Any CPU
		{C809CD5E-6578-4434-A7E0-744DB2450D27}.Release|Any CPU.Build.0 = Release|Any CPU
		{07DF5172-C83F-41EB-813E-853321C82E6E}.Debug|Any CPU.ActiveCfg = Debug|Any CPU
		{07DF5172-C83F-41EB-813E-853321C82E6E}.Debug|Any CPU.Build.0 = Debug|Any CPU
		{07DF5172-C83F-41EB-813E-853321C82E6E}.Release|Any CPU.ActiveCfg = Release|Any CPU
		{07DF5172-C83F-41EB-813E-853321C82E6E}.Release|Any CPU.Build.0 = Release|Any CPU
		{9552B0D2-132C-4CEA-B711-B231B71A465B}.Debug|Any CPU.ActiveCfg = Debug|Any CPU
		{9552B0D2-132C-4CEA-B711-B231B71A465B}.Debug|Any CPU.Build.0 = Debug|Any CPU
		{9552B0D2-132C-4CEA-B711-B231B71A465B}.Release|Any CPU.ActiveCfg = Release|Any CPU
		{9552B0D2-132C-4CEA-B711-B231B71A465B}.Release|Any CPU.Build.0 = Release|Any CPU
		{BEBB5C32-EE67-431A-8762-29180B72D754}.Debug|Any CPU.ActiveCfg = Debug|Any CPU
		{BEBB5C32-EE67-431A-8762-29180B72D754}.Debug|Any CPU.Build.0 = Debug|Any CPU
		{BEBB5C32-EE67-431A-8762-29180B72D754}.Release|Any CPU.ActiveCfg = Release|Any CPU
		{BEBB5C32-EE67-431A-8762-29180B72D754}.Release|Any CPU.Build.0 = Release|Any CPU
		{601D4EF6-E8EF-47A9-A52B-7EE4C1301142}.Debug|Any CPU.ActiveCfg = Debug|Any CPU
		{601D4EF6-E8EF-47A9-A52B-7EE4C1301142}.Debug|Any CPU.Build.0 = Debug|Any CPU
		{601D4EF6-E8EF-47A9-A52B-7EE4C1301142}.Release|Any CPU.ActiveCfg = Release|Any CPU
		{601D4EF6-E8EF-47A9-A52B-7EE4C1301142}.Release|Any CPU.Build.0 = Release|Any CPU
		{8ECB6596-F09A-46EF-824D-8501AE4486B2}.Debug|Any CPU.ActiveCfg = Debug|Any CPU
		{8ECB6596-F09A-46EF-824D-8501AE4486B2}.Debug|Any CPU.Build.0 = Debug|Any CPU
		{8ECB6596-F09A-46EF-824D-8501AE4486B2}.Release|Any CPU.ActiveCfg = Release|Any CPU
		{8ECB6596-F09A-46EF-824D-8501AE4486B2}.Release|Any CPU.Build.0 = Release|Any CPU
		{68218DBA-B1FD-49B0-B1C7-FA34455F99CB}.Debug|Any CPU.ActiveCfg = Debug|Any CPU
		{68218DBA-B1FD-49B0-B1C7-FA34455F99CB}.Debug|Any CPU.Build.0 = Debug|Any CPU
		{68218DBA-B1FD-49B0-B1C7-FA34455F99CB}.Release|Any CPU.ActiveCfg = Release|Any CPU
		{68218DBA-B1FD-49B0-B1C7-FA34455F99CB}.Release|Any CPU.Build.0 = Release|Any CPU
		{341AB763-E7AB-45A9-8565-80C665D2B95D}.Debug|Any CPU.ActiveCfg = Debug|Any CPU
		{341AB763-E7AB-45A9-8565-80C665D2B95D}.Debug|Any CPU.Build.0 = Debug|Any CPU
		{341AB763-E7AB-45A9-8565-80C665D2B95D}.Release|Any CPU.ActiveCfg = Release|Any CPU
		{341AB763-E7AB-45A9-8565-80C665D2B95D}.Release|Any CPU.Build.0 = Release|Any CPU
	EndGlobalSection
	GlobalSection(SolutionProperties) = preSolution
		HideSolutionNode = FALSE
	EndGlobalSection
	GlobalSection(NestedProjects) = preSolution
		{9552B0D2-132C-4CEA-B711-B231B71A465B} = {1EA6C045-D95C-42D7-9CEA-9BD46DEF0AAE}
		{341AB763-E7AB-45A9-8565-80C665D2B95D} = {1EA6C045-D95C-42D7-9CEA-9BD46DEF0AAE}
	EndGlobalSection
	GlobalSection(ExtensibilityGlobals) = postSolution
		SolutionGuid = {CEB092E5-51F6-42C9-BAC1-2CECE1A9B54C}
	EndGlobalSection
EndGlobal
